
Microsoft Visual Studio Solution File, Format Version 12.00
# Visual Studio 14
VisualStudioVersion = 14.0.25420.1
MinimumVisualStudioVersion = 10.0.40219.1
Project("{FAE04EC0-301F-11D3-BF4B-00C04F79EFBC}") = "ProjectManagementServices", "ProjectManagementServices\ProjectManagementServices.csproj", "{D6E0A348-44F4-4891-A7BC-49DBBFB43468}"
EndProject
Project("{2150E333-8FDC-42A3-9474-1A3956D46DE8}") = "Samples", "Samples", "{A0B972A6-84F5-4992-B9E0-8B3422FCC8A4}"
EndProject
Project("{FAE04EC0-301F-11D3-BF4B-00C04F79EFBC}") = "ProjectScheduleSample", "Samples\ProjectScheduleSample\ProjectScheduleSample.csproj", "{D8202371-68FA-42E5-B3C1-3E40EFDEF88B}"
EndProject
Project("{FAE04EC0-301F-11D3-BF4B-00C04F79EFBC}") = "GanttChartExporterSample", "Samples\GanttChartExporterSample\GanttChartExporterSample.csproj", "{31ADD3F6-9B86-401E-AF3B-F68406A4AF18}"
EndProject
Global
	GlobalSection(SolutionConfigurationPlatforms) = preSolution
		Debug|Any CPU = Debug|Any CPU
		Release|Any CPU = Release|Any CPU
	EndGlobalSection
	GlobalSection(ProjectConfigurationPlatforms) = postSolution
		{D6E0A348-44F4-4891-A7BC-49DBBFB43468}.Debug|Any CPU.ActiveCfg = Debug|Any CPU
		{D6E0A348-44F4-4891-A7BC-49DBBFB43468}.Debug|Any CPU.Build.0 = Debug|Any CPU
		{D6E0A348-44F4-4891-A7BC-49DBBFB43468}.Release|Any CPU.ActiveCfg = Release|Any CPU
		{D6E0A348-44F4-4891-A7BC-49DBBFB43468}.Release|Any CPU.Build.0 = Release|Any CPU
		{D8202371-68FA-42E5-B3C1-3E40EFDEF88B}.Debug|Any CPU.ActiveCfg = Debug|Any CPU
		{D8202371-68FA-42E5-B3C1-3E40EFDEF88B}.Debug|Any CPU.Build.0 = Debug|Any CPU
		{D8202371-68FA-42E5-B3C1-3E40EFDEF88B}.Release|Any CPU.ActiveCfg = Release|Any CPU
		{D8202371-68FA-42E5-B3C1-3E40EFDEF88B}.Release|Any CPU.Build.0 = Release|Any CPU
		{31ADD3F6-9B86-401E-AF3B-F68406A4AF18}.Debug|Any CPU.ActiveCfg = Debug|Any CPU
		{31ADD3F6-9B86-401E-AF3B-F68406A4AF18}.Debug|Any CPU.Build.0 = Debug|Any CPU
		{31ADD3F6-9B86-401E-AF3B-F68406A4AF18}.Release|Any CPU.ActiveCfg = Release|Any CPU
		{31ADD3F6-9B86-401E-AF3B-F68406A4AF18}.Release|Any CPU.Build.0 = Release|Any CPU
	EndGlobalSection
	GlobalSection(SolutionProperties) = preSolution
		HideSolutionNode = FALSE
	EndGlobalSection
	GlobalSection(NestedProjects) = preSolution
		{D8202371-68FA-42E5-B3C1-3E40EFDEF88B} = {A0B972A6-84F5-4992-B9E0-8B3422FCC8A4}
		{31ADD3F6-9B86-401E-AF3B-F68406A4AF18} = {A0B972A6-84F5-4992-B9E0-8B3422FCC8A4}
	EndGlobalSection
EndGlobal
